{
  "name": "firebase-backend",
  "version": "1.0.0",
  "lockfileVersion": 3,
  "requires": true,
  "packages": {
    "": {
      "name": "firebase-backend",
      "version": "1.0.0",
      "private": true,
      "dependencies": {
        "@google-cloud/logging": "^10.5.0",
        "firebase-admin": "^11.11.0",
        "firebase-functions": "^4.6.0",
        "lodash": "^4.17.21"
      },
      "devDependencies": {
        "eslint": "^8.56.0",
        "eslint-config-google": "^0.14.0"
      },
      "engines": {
        "node": "18"
      }
    },
    "node_modules/@google-cloud/logging": {
      "version": "10.5.0",
      "resolved": "https://registry.npmjs.org/@google-cloud/logging/-/logging-10.5.0.tgz",
      "integrity": "sha512-DO8Qgs2g0P3J2zV7XJEjLBNOgKBprvMDyCVTnoJ0xK18jGEa5Vbgr/dhaYqA5nGYg9r8fPLWBCr1qaQ8jQ1UvQ==",
      "dependencies": {
        "google-gax": "^4.0.3"
      },
      "engines": {
        "node": ">=14.0.0"
      }
    },
    "node_modules/firebase-admin": {
      "version": "11.11.0",
      "resolved": "https://registry.npmjs.org/firebase-admin/-/firebase-admin-11.11.0.tgz",
      "integrity": "sha512-cM7H2m7TJR7PqHxx2Z80GcFxVzI1hLFFC4+EOq5Ywp6iJ/OQyPz2IcmZNpIKXQlQhQIm9hpHH4r3jbljH2MDjQ==",
      "dependencies": {
        "jose": "^4.11.2"
      },
      "engines": {
        "node": ">=14.18.0"
      }
    },
    "node_modules/firebase-functions": {
      "version": "4.6.0",
      "resolved": "https://registry.npmjs.org/firebase-functions/-/firebase-functions-4.6.0.tgz",
      "integrity": "sha512-PzG8jAYnJ3p1Bnpd9i4x47k28cZkgCHgG9LHfQ3zFhBL4t9tH0eXb3wzNlU1jG7iL6z1bAFoWbZg9JmQhNqCbw==",
      "dependencies": {
        "cloudevents": "^6.0.2",
        "cors": "^2.8.5",
        "express": "^4.18.2",
        "glob": "^7.1.6",
        "lodash": "^4.17.20"
      },
      "engines": {
        "node": ">=16.0.0"
      },
      "peerDependencies": {
        "firebase-admin": ">=11.5.0"
      }
    },
    "node_modules/lodash": {
      "version": "4.17.21",
      "resolved": "https://registry.npmjs.org/lodash/-/lodash-4.17.21.tgz",
      "integrity": "sha512-v2kDEe57lecTulaDIuNTPy3Ry4gLGJ6Z1O3vE1krgXZNrsQ+LFTGHVxVjcXPs17LhbZVGedAJv8XZ1tvj5FvSg=="
    },
    "node_modules/eslint": {
      "version": "8.56.0",
      "resolved": "https://registry.npmjs.org/eslint/-/eslint-8.56.0.tgz",
      "integrity": "sha512-CRSq6S5pX6mPwpJDNZ3zJbJ3eLNkBTV1j3tKBk2Teue+sk3tNlCjSSaFstT8IwOoXImyJtY2c+rhrB5YJjFkGw==",
      "dev": true
    },
    "node_modules/eslint-config-google": {
      "version": "0.14.0",
      "resolved": "https://registry.npmjs.org/eslint-config-google/-/eslint-config-google-0.14.0.tgz",
      "integrity": "sha512-sBACNlHkFFh3z8E882PA3xZZ0CVb39kHj64ul6q2J23g2xV381ag9uQ6U/cdpM9Z+W3KSAIgv6Z/xWUgUAuN/A==",
      "dev": true
    }
  }
}